
Microsoft Visual Studio Solution File, Format Version 12.00
# Visual Studio Version 16
VisualStudioVersion = 16.0.31105.61
MinimumVisualStudioVersion = 10.0.40219.1
Project("{FAE04EC0-301F-11D3-BF4B-00C04F79EFBC}") = "Suburban", "Suburban\Suburban.csproj", "{4C09128C-8EE1-44A3-8760-6A308FAA4CEF}"
EndProject
Global
	GlobalSection(SolutionConfigurationPlatforms) = preSolution
		Debug|Any CPU = Debug|Any CPU
		Release|Any CPU = Release|Any CPU
	EndGlobalSection
	GlobalSection(ProjectConfigurationPlatforms) = postSolution
		{4C09128C-8EE1-44A3-8760-6A308FAA4CEF}.Debug|Any CPU.ActiveCfg = Debug|Any CPU
		{4C09128C-8EE1-44A3-8760-6A308FAA4CEF}.Debug|Any CPU.Build.0 = Debug|Any CPU
		{4C09128C-8EE1-44A3-8760-6A308FAA4CEF}.Release|Any CPU.ActiveCfg = Release|Any CPU
		{4C09128C-8EE1-44A3-8760-6A308FAA4CEF}.Release|Any CPU.Build.0 = Release|Any CPU
	EndGlobalSection
	GlobalSection(SolutionProperties) = preSolution
		HideSolutionNode = FALSE
	EndGlobalSection
	GlobalSection(ExtensibilityGlobals) = postSolution
		SolutionGuid = {67584FC1-3725-497D-BCA6-76021E357DB2}
	EndGlobalSection
EndGlobal
